
Microsoft Visual Studio Solution File, Format Version 12.00
# Visual Studio 15
VisualStudioVersion = 15.0.28010.2003
MinimumVisualStudioVersion = 10.0.40219.1
Project("{FAE04EC0-301F-11D3-BF4B-00C04F79EFBC}") = "Windows", "Windows\Windows.csproj", "{6A0391C1-6901-47FC-BC46-00D651856D78}"
EndProject
Global
	GlobalSection(SolutionConfigurationPlatforms) = preSolution
		Debug|Any CPU = Debug|Any CPU
		Release|Any CPU = Release|Any CPU
	EndGlobalSection
	GlobalSection(ProjectConfigurationPlatforms) = postSolution
		{6A0391C1-6901-47FC-BC46-00D651856D78}.Debug|Any CPU.ActiveCfg = Debug|Any CPU
		{6A0391C1-6901-47FC-BC46-00D651856D78}.Debug|Any CPU.Build.0 = Debug|Any CPU
		{6A0391C1-6901-47FC-BC46-00D651856D78}.Release|Any CPU.ActiveCfg = Release|Any CPU
		{6A0391C1-6901-47FC-BC46-00D651856D78}.Release|Any CPU.Build.0 = Release|Any CPU
	EndGlobalSection
	GlobalSection(SolutionProperties) = preSolution
		HideSolutionNode = FALSE
	EndGlobalSection
	GlobalSection(ExtensibilityGlobals) = postSolution
		SolutionGuid = {273DBA2A-99E2-48F5-BFFB-90CC3D436BA7}
	EndGlobalSection
EndGlobal
